
Microsoft Visual Studio Solution File, Format Version 12.00
# Visual Studio 15
VisualStudioVersion = 15.0.28010.2041
MinimumVisualStudioVersion = 10.0.40219.1
Project("{8BC9CEB8-8B4A-11D0-8D11-00A0C91BC942}") = "HammingDistance", "HammingDistance\HammingDistance.vcxproj", "{0FE1D197-90E0-4BF6-83BF-081CE2D21C25}"
EndProject
Project("{8BC9CEB8-8B4A-11D0-8D11-00A0C91BC942}") = "HammingDistance2d", "HammingDistance2d\HammingDistance2d.vcxproj", "{2FD1C796-35E9-41CD-9E37-AEA15C3E3691}"
EndProject
Global
	GlobalSection(SolutionConfigurationPlatforms) = preSolution
		Debug|x64 = Debug|x64
		Debug|x86 = Debug|x86
		Release|x64 = Release|x64
		Release|x86 = Release|x86
	EndGlobalSection
	GlobalSection(ProjectConfigurationPlatforms) = postSolution
		{0FE1D197-90E0-4BF6-83BF-081CE2D21C25}.Debug|x64.ActiveCfg = Debug|x64
		{0FE1D197-90E0-4BF6-83BF-081CE2D21C25}.Debug|x64.Build.0 = Debug|x64
		{0FE1D197-90E0-4BF6-83BF-081CE2D21C25}.Debug|x86.ActiveCfg = Debug|x64
		{0FE1D197-90E0-4BF6-83BF-081CE2D21C25}.Release|x64.ActiveCfg = Release|x64
		{0FE1D197-90E0-4BF6-83BF-081CE2D21C25}.Release|x64.Build.0 = Release|x64
		{0FE1D197-90E0-4BF6-83BF-081CE2D21C25}.Release|x86.ActiveCfg = Release|x64
		{2FD1C796-35E9-41CD-9E37-AEA15C3E3691}.Debug|x64.ActiveCfg = Debug|x64
		{2FD1C796-35E9-41CD-9E37-AEA15C3E3691}.Debug|x64.Build.0 = Debug|x64
		{2FD1C796-35E9-41CD-9E37-AEA15C3E3691}.Debug|x86.ActiveCfg = Debug|x64
		{2FD1C796-35E9-41CD-9E37-AEA15C3E3691}.Release|x64.ActiveCfg = Release|x64
		{2FD1C796-35E9-41CD-9E37-AEA15C3E3691}.Release|x64.Build.0 = Release|x64
		{2FD1C796-35E9-41CD-9E37-AEA15C3E3691}.Release|x86.ActiveCfg = Release|x64
	EndGlobalSection
	GlobalSection(SolutionProperties) = preSolution
		HideSolutionNode = FALSE
	EndGlobalSection
	GlobalSection(ExtensibilityGlobals) = postSolution
		SolutionGuid = {3A735DFF-6359-4AA7-AC27-AA7215A0B928}
	EndGlobalSection
EndGlobal
